
Microsoft Visual Studio Solution File, Format Version 12.00
# Visual Studio 2012
Project("{FAE04EC0-301F-11D3-BF4B-00C04F79EFBC}") = "KratTest", "src\KratTest\KratTest.csproj", "{A64A4D41-221F-4817-80ED-9B00B8258339}"
EndProject
Global
	GlobalSection(SolutionConfigurationPlatforms) = preSolution
		Debug|Any CPU = Debug|Any CPU
		Release|Any CPU = Release|Any CPU
	EndGlobalSection
	GlobalSection(ProjectConfigurationPlatforms) = postSolution
		{A64A4D41-221F-4817-80ED-9B00B8258339}.Debug|Any CPU.ActiveCfg = Debug|Any CPU
		{A64A4D41-221F-4817-80ED-9B00B8258339}.Debug|Any CPU.Build.0 = Debug|Any CPU
		{A64A4D41-221F-4817-80ED-9B00B8258339}.Release|Any CPU.ActiveCfg = Release|Any CPU
		{A64A4D41-221F-4817-80ED-9B00B8258339}.Release|Any CPU.Build.0 = Release|Any CPU
	EndGlobalSection
	GlobalSection(SolutionProperties) = preSolution
		HideSolutionNode = FALSE
	EndGlobalSection
EndGlobal
